
Microsoft Visual Studio Solution File, Format Version 12.00
# Visual Studio Version 17
VisualStudioVersion = 17.6.33815.320
MinimumVisualStudioVersion = 10.0.40219.1
Project("{8BC9CEB8-8B4A-11D0-8D11-00A0C91BC942}") = "openMP", "openMP\openMP.vcxproj", "{1386C602-737F-41C1-8D50-57A5B9BCDE99}"
EndProject
Project("{2150E333-8FDC-42A3-9474-1A3956D46DE8}") = "Solution Items", "Solution Items", "{58B780E5-EDC8-411A-BFB2-71C734C7D551}"
EndProject
Project("{8BC9CEB8-8B4A-11D0-8D11-00A0C91BC942}") = "pThread", "pThread\pThread.vcxproj", "{B9C79F1A-B066-46F3-833B-21389B5C5A2A}"
EndProject
Project("{8BC9CEB8-8B4A-11D0-8D11-00A0C91BC942}") = "original", "original\original.vcxproj", "{AAF8D6E4-922C-4791-95FB-E6FB60CCA4E6}"
EndProject
Project("{8BC9CEB8-8B4A-11D0-8D11-00A0C91BC942}") = "CUDA", "CUDA\CUDA.vcxproj", "{A9B00218-F6D1-4519-8E02-34E20D611A7C}"
EndProject
Global
	GlobalSection(SolutionConfigurationPlatforms) = preSolution
		Debug|x64 = Debug|x64
		Debug|x86 = Debug|x86
		Release|x64 = Release|x64
		Release|x86 = Release|x86
	EndGlobalSection
	GlobalSection(ProjectConfigurationPlatforms) = postSolution
		{1386C602-737F-41C1-8D50-57A5B9BCDE99}.Debug|x64.ActiveCfg = Debug|x64
		{1386C602-737F-41C1-8D50-57A5B9BCDE99}.Debug|x64.Build.0 = Debug|x64
		{1386C602-737F-41C1-8D50-57A5B9BCDE99}.Debug|x86.ActiveCfg = Debug|Win32
		{1386C602-737F-41C1-8D50-57A5B9BCDE99}.Debug|x86.Build.0 = Debug|Win32
		{1386C602-737F-41C1-8D50-57A5B9BCDE99}.Release|x64.ActiveCfg = Release|x64
		{1386C602-737F-41C1-8D50-57A5B9BCDE99}.Release|x64.Build.0 = Release|x64
		{1386C602-737F-41C1-8D50-57A5B9BCDE99}.Release|x86.ActiveCfg = Release|Win32
		{1386C602-737F-41C1-8D50-57A5B9BCDE99}.Release|x86.Build.0 = Release|Win32
		{B9C79F1A-B066-46F3-833B-21389B5C5A2A}.Debug|x64.ActiveCfg = Debug|x64
		{B9C79F1A-B066-46F3-833B-21389B5C5A2A}.Debug|x64.Build.0 = Debug|x64
		{B9C79F1A-B066-46F3-833B-21389B5C5A2A}.Debug|x86.ActiveCfg = Debug|Win32
		{B9C79F1A-B066-46F3-833B-21389B5C5A2A}.Debug|x86.Build.0 = Debug|Win32
		{B9C79F1A-B066-46F3-833B-21389B5C5A2A}.Release|x64.ActiveCfg = Release|x64
		{B9C79F1A-B066-46F3-833B-21389B5C5A2A}.Release|x64.Build.0 = Release|x64
		{B9C79F1A-B066-46F3-833B-21389B5C5A2A}.Release|x86.ActiveCfg = Release|Win32
		{B9C79F1A-B066-46F3-833B-21389B5C5A2A}.Release|x86.Build.0 = Release|Win32
		{AAF8D6E4-922C-4791-95FB-E6FB60CCA4E6}.Debug|x64.ActiveCfg = Debug|x64
		{AAF8D6E4-922C-4791-95FB-E6FB60CCA4E6}.Debug|x64.Build.0 = Debug|x64
		{AAF8D6E4-922C-4791-95FB-E6FB60CCA4E6}.Debug|x86.ActiveCfg = Debug|Win32
		{AAF8D6E4-922C-4791-95FB-E6FB60CCA4E6}.Debug|x86.Build.0 = Debug|Win32
		{AAF8D6E4-922C-4791-95FB-E6FB60CCA4E6}.Release|x64.ActiveCfg = Release|x64
		{AAF8D6E4-922C-4791-95FB-E6FB60CCA4E6}.Release|x64.Build.0 = Release|x64
		{AAF8D6E4-922C-4791-95FB-E6FB60CCA4E6}.Release|x86.ActiveCfg = Release|Win32
		{AAF8D6E4-922C-4791-95FB-E6FB60CCA4E6}.Release|x86.Build.0 = Release|Win32
		{A9B00218-F6D1-4519-8E02-34E20D611A7C}.Debug|x64.ActiveCfg = Debug|x64
		{A9B00218-F6D1-4519-8E02-34E20D611A7C}.Debug|x64.Build.0 = Debug|x64
		{A9B00218-F6D1-4519-8E02-34E20D611A7C}.Debug|x86.ActiveCfg = Debug|x64
		{A9B00218-F6D1-4519-8E02-34E20D611A7C}.Debug|x86.Build.0 = Debug|x64
		{A9B00218-F6D1-4519-8E02-34E20D611A7C}.Release|x64.ActiveCfg = Release|x64
		{A9B00218-F6D1-4519-8E02-34E20D611A7C}.Release|x64.Build.0 = Release|x64
		{A9B00218-F6D1-4519-8E02-34E20D611A7C}.Release|x86.ActiveCfg = Release|x64
		{A9B00218-F6D1-4519-8E02-34E20D611A7C}.Release|x86.Build.0 = Release|x64
	EndGlobalSection
	GlobalSection(SolutionProperties) = preSolution
		HideSolutionNode = FALSE
	EndGlobalSection
	GlobalSection(ExtensibilityGlobals) = postSolution
		SolutionGuid = {7B6758F0-48C8-46B7-ADDC-E8BF07486F76}
	EndGlobalSection
EndGlobal
